
Microsoft Visual Studio Solution File, Format Version 12.00
# Visual Studio Version 17
VisualStudioVersion = 17.14.36408.4 d17.14
MinimumVisualStudioVersion = 10.0.40219.1
Project("{888888A0-9F3D-457C-B088-3A5042F75D52}") = "Unit Converter", "Unit Converter\Unit Converter.pyproj", "{76DB64CC-5AB8-433C-A575-323C52F63999}"
EndProject
Global
	GlobalSection(SolutionConfigurationPlatforms) = preSolution
		Debug|Any CPU = Debug|Any CPU
		Release|Any CPU = Release|Any CPU
	EndGlobalSection
	GlobalSection(ProjectConfigurationPlatforms) = postSolution
		{76DB64CC-5AB8-433C-A575-323C52F63999}.Debug|Any CPU.ActiveCfg = Debug|Any CPU
		{76DB64CC-5AB8-433C-A575-323C52F63999}.Release|Any CPU.ActiveCfg = Release|Any CPU
	EndGlobalSection
	GlobalSection(SolutionProperties) = preSolution
		HideSolutionNode = FALSE
	EndGlobalSection
	GlobalSection(ExtensibilityGlobals) = postSolution
		SolutionGuid = {5390484D-E34C-4F5D-A62F-7FEB817B84B9}
	EndGlobalSection
EndGlobal
